# THIS IS AN AUTOGENERATED FILE. DO NOT EDIT THIS FILE DIRECTLY.
# yarn lockfile v1


anymatch@^1.3.0:
  version "1.3.2"
  resolved "https://registry.npmjs.org/anymatch/-/anymatch-1.3.2.tgz"
  integrity sha512-0XNayC8lTHQ2OI8aljNCN3sSx6hsr/1+rlcDAotXJR7C1oZZHCNsfpbKwMjRA3Uqb5tF1Rae2oloTr4xpq+WjA==
  dependencies:
    micromatch "^2.1.5"
    normalize-path "^2.0.0"

anymatch@~3.1.2:
  version "3.1.2"
  resolved "https://registry.npmjs.org/anymatch/-/anymatch-3.1.2.tgz"
  integrity sha512-P43ePfOAIupkguHUycrc4qJ9kz8ZiuOUijaETwX7THt0Y/GNK7v0aa8rY816xWjZ7rJdA5XdMcpVFTKMq+RvWg==
  dependencies:
    normalize-path "^3.0.0"
    picomatch "^2.0.4"

arr-diff@^2.0.0:
  version "2.0.0"
  resolved "https://registry.npmjs.org/arr-diff/-/arr-diff-2.0.0.tgz"
  integrity sha1-jzuCf5Vai9ZpaX5KQlasPOrjVs8=
  dependencies:
    arr-flatten "^1.0.1"

arr-diff@^4.0.0:
  version "4.0.0"
  resolved "https://registry.npmjs.org/arr-diff/-/arr-diff-4.0.0.tgz"
  integrity sha1-1kYQdP6/7HHn4VI1dhoyml3HxSA=

arr-flatten@^1.0.1, arr-flatten@^1.1.0:
  version "1.1.0"
  resolved "https://registry.npmjs.org/arr-flatten/-/arr-flatten-1.1.0.tgz"
  integrity sha512-L3hKV5R/p5o81R7O02IGnwpDmkp6E982XhtbuwSe3O4qOtMMMtodicASA1Cny2U+aCXcNpml+m4dPsvsJ3jatg==

arr-union@^3.1.0:
  version "3.1.0"
  resolved "https://registry.npmjs.org/arr-union/-/arr-union-3.1.0.tgz"
  integrity sha1-45sJrqne+Gao8gbiiK9jkZuuOcQ=

array-unique@^0.2.1:
  version "0.2.1"
  resolved "https://registry.npmjs.org/array-unique/-/array-unique-0.2.1.tgz"
  integrity sha1-odl8yvy8JiXMcPrc6zalDFiwGlM=

array-unique@^0.3.2:
  version "0.3.2"
  resolved "https://registry.npmjs.org/array-unique/-/array-unique-0.3.2.tgz"
  integrity sha1-qJS3XUvE9s1nnvMkSp/Y9Gri1Cg=

assign-symbols@^1.0.0:
  version "1.0.0"
  resolved "https://registry.npmjs.org/assign-symbols/-/assign-symbols-1.0.0.tgz"
  integrity sha1-WWZ/QfrdTyDMvCu5a41Pf3jsA2c=

async-each@^1.0.0:
  version "1.0.3"
  resolved "https://registry.npmjs.org/async-each/-/async-each-1.0.3.tgz"
  integrity sha512-z/WhQ5FPySLdvREByI2vZiTWwCnF0moMJ1hK9YQwDTHKh6I7/uSckMetoRGb5UBZPC1z0jlw+n/XCgjeH7y1AQ==

atob@^2.1.2:
  version "2.1.2"
  resolved "https://registry.npmjs.org/atob/-/atob-2.1.2.tgz"
  integrity sha512-Wm6ukoaOGJi/73p/cl2GvLjTI5JM1k/O14isD73YML8StrH/7/lRFgmg8nICZgD3bZZvjwCGxtMOD3wWNAu8cg==

babel-runtime@^6.9.2:
  version "6.26.0"
  resolved "https://registry.npmjs.org/babel-runtime/-/babel-runtime-6.26.0.tgz"
  integrity sha1-llxwWGaOgrVde/4E/yM3vItWR/4=
  dependencies:
    core-js "^2.4.0"
    regenerator-runtime "^0.11.0"

balanced-match@^1.0.0:
  version "1.0.2"
  resolved "https://registry.npmjs.org/balanced-match/-/balanced-match-1.0.2.tgz"
  integrity sha512-3oSeUO0TMV67hN1AmbXsK4yaqU7tjiHlbxRDZOpH0KW9+CeX4bRAaX0Anxt0tx2MrpRpWwQaPwIlISEJhYU5Pw==

base@^0.11.1:
  version "0.11.2"
  resolved "https://registry.npmjs.org/base/-/base-0.11.2.tgz"
  integrity sha512-5T6P4xPgpp0YDFvSWwEZ4NoE3aM4QBQXDzmVbraCkFj8zHM+mba8SyqB5DbZWyR7mYHo6Y7BdQo3MoA4m0TeQg==
  dependencies:
    cache-base "^1.0.1"
    class-utils "^0.3.5"
    component-emitter "^1.2.1"
    define-property "^1.0.0"
    isobject "^3.0.1"
    mixin-deep "^1.2.0"
    pascalcase "^0.1.1"

binary-extensions@^1.0.0:
  version "1.13.1"
  resolved "https://registry.npmjs.org/binary-extensions/-/binary-extensions-1.13.1.tgz"
  integrity sha512-Un7MIEDdUC5gNpcGDV97op1Ywk748MpHcFTHoYs6qnj1Z3j7I53VG3nwZhKzoBZmbdRNnb6WRdFlwl7tSDuZGw==

binary-extensions@^2.0.0:
  version "2.2.0"
  resolved "https://registry.npmjs.org/binary-extensions/-/binary-extensions-2.2.0.tgz"
  integrity sha512-jDctJ/IVQbZoJykoeHbhXpOlNBqGNcwXJKJog42E5HDPUwQTSdjCHdihjj0DlnheQ7blbT6dHOafNAiS8ooQKA==

bindings@^1.5.0:
  version "1.5.0"
  resolved "https://registry.yarnpkg.com/bindings/-/bindings-1.5.0.tgz#10353c9e945334bc0511a6d90b38fbc7c9c504df"
  integrity sha512-p2q/t/mhvuOj/UeLlV6566GD/guowlr0hHxClI0W9m7MWYkL1F0hLo+0Aexs9HSPCtR1SXQ0TD3MMKrXZajbiQ==
  dependencies:
    file-uri-to-path "1.0.0"

brace-expansion@^1.1.7:
  version "1.1.11"
  resolved "https://registry.npmjs.org/brace-expansion/-/brace-expansion-1.1.11.tgz"
  integrity sha512-iCuPHDFgrHX7H2vEI/5xpz07zSHB00TpugqhmYtVmMO6518mCuRMoOYFldEBl0g187ufozdaHgWKcYFb61qGiA==
  dependencies:
    balanced-match "^1.0.0"
    concat-map "0.0.1"

braces@^1.8.2:
  version "1.8.5"
  resolved "https://registry.npmjs.org/braces/-/braces-1.8.5.tgz"
  integrity sha1-uneWLhLf+WnWt2cR6RS3N4V79qc=
  dependencies:
    expand-range "^1.8.1"
    preserve "^0.2.0"
    repeat-element "^1.1.2"

braces@^2.3.1:
  version "2.3.2"
  resolved "https://registry.npmjs.org/braces/-/braces-2.3.2.tgz"
  integrity sha512-aNdbnj9P8PjdXU4ybaWLK2IF3jc/EoDYbC7AazW6to3TRsfXxscC9UXOB5iDiEQrkyIbWp2SLQda4+QAa7nc3w==
  dependencies:
    arr-flatten "^1.1.0"
    array-unique "^0.3.2"
    extend-shallow "^2.0.1"
    fill-range "^4.0.0"
    isobject "^3.0.1"
    repeat-element "^1.1.2"
    snapdragon "^0.8.1"
    snapdragon-node "^2.0.1"
    split-string "^3.0.2"
    to-regex "^3.0.1"

braces@~3.0.2:
  version "3.0.2"
  resolved "https://registry.npmjs.org/braces/-/braces-3.0.2.tgz"
  integrity sha512-b8um+L1RzM3WDSzvhm6gIz1yfTbBt6YTlcEKAvsmqCZZFw46z626lVj9j1yEPW33H5H+lBQpZMP1k8l+78Ha0A==
  dependencies:
    fill-range "^7.0.1"

bulma@^0.9.3:
  version "0.9.3"
  resolved "https://registry.npmjs.org/bulma/-/bulma-0.9.3.tgz"
  integrity sha512-0d7GNW1PY4ud8TWxdNcP6Cc8Bu7MxcntD/RRLGWuiw/s0a9P+XlH/6QoOIrmbj6o8WWJzJYhytiu9nFjTszk1g==

cache-base@^1.0.1:
  version "1.0.1"
  resolved "https://registry.npmjs.org/cache-base/-/cache-base-1.0.1.tgz"
  integrity sha512-AKcdTnFSWATd5/GCPRxr2ChwIJ85CeyrEyjRHlKxQ56d4XJMGym0uAiKn0xbLOGOl3+yRpOTi484dVCEc5AUzQ==
  dependencies:
    collection-visit "^1.0.0"
    component-emitter "^1.2.1"
    get-value "^2.0.6"
    has-value "^1.0.0"
    isobject "^3.0.1"
    set-value "^2.0.0"
    to-object-path "^0.3.0"
    union-value "^1.0.0"
    unset-value "^1.0.0"

"chokidar@>=3.0.0 <4.0.0":
  version "3.5.2"
  resolved "https://registry.npmjs.org/chokidar/-/chokidar-3.5.2.tgz"
  integrity sha512-ekGhOnNVPgT77r4K/U3GDhu+FQ2S8TnK/s2KbIGXi0SZWuwkZ2QNyfWdZW+TVfn84DpEP7rLeCt2UI6bJ8GwbQ==
  dependencies:
    anymatch "~3.1.2"
    braces "~3.0.2"
    glob-parent "~5.1.2"
    is-binary-path "~2.1.0"
    is-glob "~4.0.1"
    normalize-path "~3.0.0"
    readdirp "~3.6.0"
  optionalDependencies:
    fsevents "~2.3.2"

chokidar@^1.6.0:
  version "1.7.0"
  resolved "https://registry.npmjs.org/chokidar/-/chokidar-1.7.0.tgz"
  integrity sha1-eY5ol3gVHIB2tLNg5e3SjNortGg=
  dependencies:
    anymatch "^1.3.0"
    async-each "^1.0.0"
    glob-parent "^2.0.0"
    inherits "^2.0.1"
    is-binary-path "^1.0.0"
    is-glob "^2.0.0"
    path-is-absolute "^1.0.0"
    readdirp "^2.0.0"
  optionalDependencies:
    fsevents "^1.0.0"

class-utils@^0.3.5:
  version "0.3.6"
  resolved "https://registry.npmjs.org/class-utils/-/class-utils-0.3.6.tgz"
  integrity sha512-qOhPa/Fj7s6TY8H8esGu5QNpMMQxz79h+urzrNYN6mn+9BnxlDGf5QZ+XeCDsxSjPqsSR56XOZOJmpeurnLMeg==
  dependencies:
    arr-union "^3.1.0"
    define-property "^0.2.5"
    isobject "^3.0.0"
    static-extend "^0.1.1"

collection-visit@^1.0.0:
  version "1.0.0"
  resolved "https://registry.npmjs.org/collection-visit/-/collection-visit-1.0.0.tgz"
  integrity sha1-S8A3PBZLwykbTTaMgpzxqApZ3KA=
  dependencies:
    map-visit "^1.0.0"
    object-visit "^1.0.0"

component-emitter@^1.2.1:
  version "1.3.0"
  resolved "https://registry.npmjs.org/component-emitter/-/component-emitter-1.3.0.tgz"
  integrity sha512-Rd3se6QB+sO1TwqZjscQrurpEPIfO0/yYnSin6Q/rD3mOutHvUrCAhJub3r90uNb+SESBuE0QYoB90YdfatsRg==

concat-map@0.0.1:
  version "0.0.1"
  resolved "https://registry.npmjs.org/concat-map/-/concat-map-0.0.1.tgz"
  integrity sha1-2Klr13/Wjfd5OnMDajug1UBdR3s=

copy-descriptor@^0.1.0:
  version "0.1.1"
  resolved "https://registry.npmjs.org/copy-descriptor/-/copy-descriptor-0.1.1.tgz"
  integrity sha1-Z29us8OZl8LuGsOpJP1hJHSPV40=

core-js@^2.4.0:
  version "2.6.12"
  resolved "https://registry.npmjs.org/core-js/-/core-js-2.6.12.tgz"
  integrity sha512-Kb2wC0fvsWfQrgk8HU5lW6U/Lcs8+9aaYcy4ZFc6DDlo4nZ7n70dEgE5rtR0oG6ufKDUnrwfWL1mXR5ljDatrQ==

core-util-is@~1.0.0:
  version "1.0.2"
  resolved "https://registry.npmjs.org/core-util-is/-/core-util-is-1.0.2.tgz"
  integrity sha1-tf1UIgqivFq1eqtxQMlAdUUDwac=

cpx@^1.5.0:
  version "1.5.0"
  resolved "https://registry.npmjs.org/cpx/-/cpx-1.5.0.tgz"
  integrity sha1-GFvgGFEdhycN7czCkxceN2VauI8=
  dependencies:
    babel-runtime "^6.9.2"
    chokidar "^1.6.0"
    duplexer "^0.1.1"
    glob "^7.0.5"
    glob2base "^0.0.12"
    minimatch "^3.0.2"
    mkdirp "^0.5.1"
    resolve "^1.1.7"
    safe-buffer "^5.0.1"
    shell-quote "^1.6.1"
    subarg "^1.0.0"

debug@^2.2.0, debug@^2.3.3:
  version "2.6.9"
  resolved "https://registry.npmjs.org/debug/-/debug-2.6.9.tgz"
  integrity sha512-bC7ElrdJaJnPbAP+1EotYvqZsb3ecl5wi6Bfi6BJTUcNowp6cvspg0jXznRTKDjm/E7AdgFBVeAPVMNcKGsHMA==
  dependencies:
    ms "2.0.0"

decode-uri-component@^0.2.0:
  version "0.2.0"
  resolved "https://registry.npmjs.org/decode-uri-component/-/decode-uri-component-0.2.0.tgz"
  integrity sha1-6zkTMzRYd1y4TNGh+uBiEGu4dUU=

define-property@^0.2.5:
  version "0.2.5"
  resolved "https://registry.npmjs.org/define-property/-/define-property-0.2.5.tgz"
  integrity sha1-w1se+RjsPJkPmlvFe+BKrOxcgRY=
  dependencies:
    is-descriptor "^0.1.0"

define-property@^1.0.0:
  version "1.0.0"
  resolved "https://registry.npmjs.org/define-property/-/define-property-1.0.0.tgz"
  integrity sha1-dp66rz9KY6rTr56NMEybvnm/sOY=
  dependencies:
    is-descriptor "^1.0.0"

define-property@^2.0.2:
  version "2.0.2"
  resolved "https://registry.npmjs.org/define-property/-/define-property-2.0.2.tgz"
  integrity sha512-jwK2UV4cnPpbcG7+VRARKTZPUWowwXA8bzH5NP6ud0oeAxyYPuGZUAC7hMugpCdz4BeSZl2Dl9k66CHJ/46ZYQ==
  dependencies:
    is-descriptor "^1.0.2"
    isobject "^3.0.1"

duplexer@^0.1.1:
  version "0.1.2"
  resolved "https://registry.npmjs.org/duplexer/-/duplexer-0.1.2.tgz"
  integrity sha512-jtD6YG370ZCIi/9GTaJKQxWTZD045+4R4hTk/x1UyoqadyJ9x9CgSi1RlVDQF8U2sxLLSnFkCaMihqljHIWgMg==

esbuild-sass-plugin@^1.4.8:
  version "1.4.8"
  resolved "https://registry.npmjs.org/esbuild-sass-plugin/-/esbuild-sass-plugin-1.4.8.tgz"
  integrity sha512-C+Wlug5NgP1K2eCEoDlTY5UwbG3ZGhqYP+mleLIpwzp+cbaiGQzlKElIuamLxRR6Kfr8NLC9sMtTzZG+0pbFqQ==
  dependencies:
    esbuild "^0.12.9"
    picomatch "^2.3.0"
    resolve "^1.20.0"
    sass "^1.35.1"

esbuild@^0.12.17, esbuild@^0.12.9:
  version "0.12.17"
  resolved "https://registry.npmjs.org/esbuild/-/esbuild-0.12.17.tgz"
  integrity sha512-GshKJyVYUnlSXIZj/NheC2O0Kblh42CS7P1wJyTbbIHevTG4jYMS9NNw8EOd8dDWD0dzydYHS01MpZoUcQXB4g==

expand-brackets@^0.1.4:
  version "0.1.5"
  resolved "https://registry.npmjs.org/expand-brackets/-/expand-brackets-0.1.5.tgz"
  integrity sha1-3wcoTjQqgHzXM6xa9yQR5YHRF3s=
  dependencies:
    is-posix-bracket "^0.1.0"

expand-brackets@^2.1.4:
  version "2.1.4"
  resolved "https://registry.npmjs.org/expand-brackets/-/expand-brackets-2.1.4.tgz"
  integrity sha1-t3c14xXOMPa27/D4OwQVGiJEliI=
  dependencies:
    debug "^2.3.3"
    define-property "^0.2.5"
    extend-shallow "^2.0.1"
    posix-character-classes "^0.1.0"
    regex-not "^1.0.0"
    snapdragon "^0.8.1"
    to-regex "^3.0.1"

expand-range@^1.8.1:
  version "1.8.2"
  resolved "https://registry.npmjs.org/expand-range/-/expand-range-1.8.2.tgz"
  integrity sha1-opnv/TNf4nIeuujiV+x5ZE/IUzc=
  dependencies:
    fill-range "^2.1.0"

extend-shallow@^2.0.1:
  version "2.0.1"
  resolved "https://registry.npmjs.org/extend-shallow/-/extend-shallow-2.0.1.tgz"
  integrity sha1-Ua99YUrZqfYQ6huvu5idaxxWiQ8=
  dependencies:
    is-extendable "^0.1.0"

extend-shallow@^3.0.0, extend-shallow@^3.0.2:
  version "3.0.2"
  resolved "https://registry.npmjs.org/extend-shallow/-/extend-shallow-3.0.2.tgz"
  integrity sha1-Jqcarwc7OfshJxcnRhMcJwQCjbg=
  dependencies:
    assign-symbols "^1.0.0"
    is-extendable "^1.0.1"

extglob@^0.3.1:
  version "0.3.2"
  resolved "https://registry.npmjs.org/extglob/-/extglob-0.3.2.tgz"
  integrity sha1-Lhj/PS9JqydlzskCPwEdqo2DSaE=
  dependencies:
    is-extglob "^1.0.0"

extglob@^2.0.4:
  version "2.0.4"
  resolved "https://registry.npmjs.org/extglob/-/extglob-2.0.4.tgz"
  integrity sha512-Nmb6QXkELsuBr24CJSkilo6UHHgbekK5UiZgfE6UHD3Eb27YC6oD+bhcT+tJ6cl8dmsgdQxnWlcry8ksBIBLpw==
  dependencies:
    array-unique "^0.3.2"
    define-property "^1.0.0"
    expand-brackets "^2.1.4"
    extend-shallow "^2.0.1"
    fragment-cache "^0.2.1"
    regex-not "^1.0.0"
    snapdragon "^0.8.1"
    to-regex "^3.0.1"

file-uri-to-path@1.0.0:
  version "1.0.0"
  resolved "https://registry.yarnpkg.com/file-uri-to-path/-/file-uri-to-path-1.0.0.tgz#553a7b8446ff6f684359c445f1e37a05dacc33dd"
  integrity sha512-0Zt+s3L7Vf1biwWZ29aARiVYLx7iMGnEUl9x33fbB/j3jR81u/O2LbqK+Bm1CDSNDKVtJ/YjwY7TUd5SkeLQLw==

filename-regex@^2.0.0:
  version "2.0.1"
  resolved "https://registry.npmjs.org/filename-regex/-/filename-regex-2.0.1.tgz"
  integrity sha1-wcS5vuPglyXdsQa3XB4wH+LxiyY=

fill-range@^2.1.0:
  version "2.2.4"
  resolved "https://registry.npmjs.org/fill-range/-/fill-range-2.2.4.tgz"
  integrity sha512-cnrcCbj01+j2gTG921VZPnHbjmdAf8oQV/iGeV2kZxGSyfYjjTyY79ErsK1WJWMpw6DaApEX72binqJE+/d+5Q==
  dependencies:
    is-number "^2.1.0"
    isobject "^2.0.0"
    randomatic "^3.0.0"
    repeat-element "^1.1.2"
    repeat-string "^1.5.2"

fill-range@^4.0.0:
  version "4.0.0"
  resolved "https://registry.npmjs.org/fill-range/-/fill-range-4.0.0.tgz"
  integrity sha1-1USBHUKPmOsGpj3EAtJAPDKMOPc=
  dependencies:
    extend-shallow "^2.0.1"
    is-number "^3.0.0"
    repeat-string "^1.6.1"
    to-regex-range "^2.1.0"

fill-range@^7.0.1:
  version "7.0.1"
  resolved "https://registry.npmjs.org/fill-range/-/fill-range-7.0.1.tgz"
  integrity sha512-qOo9F+dMUmC2Lcb4BbVvnKJxTPjCm+RRpe4gDuGrzkL7mEVl/djYSu2OdQ2Pa302N4oqkSg9ir6jaLWJ2USVpQ==
  dependencies:
    to-regex-range "^5.0.1"

find-index@^0.1.1:
  version "0.1.1"
  resolved "https://registry.npmjs.org/find-index/-/find-index-0.1.1.tgz"
  integrity sha1-Z101iyyjiS15Whq0cjL4tuLg3eQ=

for-in@^1.0.1, for-in@^1.0.2:
  version "1.0.2"
  resolved "https://registry.npmjs.org/for-in/-/for-in-1.0.2.tgz"
  integrity sha1-gQaNKVqBQuwKxybG4iAMMPttXoA=

for-own@^0.1.4:
  version "0.1.5"
  resolved "https://registry.npmjs.org/for-own/-/for-own-0.1.5.tgz"
  integrity sha1-UmXGgaTylNq78XyVCbZ2OqhFEM4=
  dependencies:
    for-in "^1.0.1"

fragment-cache@^0.2.1:
  version "0.2.1"
  resolved "https://registry.npmjs.org/fragment-cache/-/fragment-cache-0.2.1.tgz"
  integrity sha1-QpD60n8T6Jvn8zeZxrxaCr//DRk=
  dependencies:
    map-cache "^0.2.2"

fs.realpath@^1.0.0:
  version "1.0.0"
  resolved "https://registry.npmjs.org/fs.realpath/-/fs.realpath-1.0.0.tgz"
  integrity sha1-FQStJSMVjKpA20onh8sBQRmU6k8=

fsevents@^1.0.0:
  version "1.2.13"
  resolved "https://registry.yarnpkg.com/fsevents/-/fsevents-1.2.13.tgz#f325cb0455592428bcf11b383370ef70e3bfcc38"
  integrity sha512-oWb1Z6mkHIskLzEJ/XWX0srkpkTQ7vaopMQkyaEIoq0fmtFVxOthb8cCxeT+p3ynTdkk/RZwbgG4brR5BeWECw==
  dependencies:
    bindings "^1.5.0"
    nan "^2.12.1"

fsevents@~2.3.2:
  version "2.3.2"
  resolved "https://registry.yarnpkg.com/fsevents/-/fsevents-2.3.2.tgz#8a526f78b8fdf4623b709e0b975c52c24c02fd1a"
  integrity sha512-xiqMQR4xAeHTuB9uWm+fFRcIOgKBMiOBP+eXiyT7jsgVCq1bkVygt00oASowB7EdtpOHaaPgKt812P9ab+DDKA==

function-bind@^1.1.1:
  version "1.1.1"
  resolved "https://registry.npmjs.org/function-bind/-/function-bind-1.1.1.tgz"
  integrity sha512-yIovAzMX49sF8Yl58fSCWJ5svSLuaibPxXQJFLmBObTuCr0Mf1KiPopGM9NiFjiYBCbfaa2Fh6breQ6ANVTI0A==

get-value@^2.0.3, get-value@^2.0.6:
  version "2.0.6"
  resolved "https://registry.npmjs.org/get-value/-/get-value-2.0.6.tgz"
  integrity sha1-3BXKHGcjh8p2vTesCjlbogQqLCg=

glob-base@^0.3.0:
  version "0.3.0"
  resolved "https://registry.npmjs.org/glob-base/-/glob-base-0.3.0.tgz"
  integrity sha1-27Fk9iIbHAscz4Kuoyi0l98Oo8Q=
  dependencies:
    glob-parent "^2.0.0"
    is-glob "^2.0.0"

glob-parent@^2.0.0:
  version "2.0.0"
  resolved "https://registry.npmjs.org/glob-parent/-/glob-parent-2.0.0.tgz"
  integrity sha1-gTg9ctsFT8zPUzbaqQLxgvbtuyg=
  dependencies:
    is-glob "^2.0.0"

glob-parent@~5.1.2:
  version "5.1.2"
  resolved "https://registry.npmjs.org/glob-parent/-/glob-parent-5.1.2.tgz"
  integrity sha512-AOIgSQCepiJYwP3ARnGx+5VnTu2HBYdzbGP45eLw1vr3zB3vZLeyed1sC9hnbcOc9/SrMyM5RPQrkGz4aS9Zow==
  dependencies:
    is-glob "^4.0.1"

glob2base@^0.0.12:
  version "0.0.12"
  resolved "https://registry.npmjs.org/glob2base/-/glob2base-0.0.12.tgz"
  integrity sha1-nUGbPijxLoOjYhZKJ3BVkiycDVY=
  dependencies:
    find-index "^0.1.1"

glob@^7.0.5:
  version "7.1.7"
  resolved "https://registry.npmjs.org/glob/-/glob-7.1.7.tgz"
  integrity sha512-OvD9ENzPLbegENnYP5UUfJIirTg4+XwMWGaQfQTY0JenxNvvIKP3U3/tAQSPIu/lHxXYSZmpXlUHeqAIdKzBLQ==
  dependencies:
    fs.realpath "^1.0.0"
    inflight "^1.0.4"
    inherits "2"
    minimatch "^3.0.4"
    once "^1.3.0"
    path-is-absolute "^1.0.0"

graceful-fs@^4.1.11:
  version "4.2.6"
  resolved "https://registry.npmjs.org/graceful-fs/-/graceful-fs-4.2.6.tgz"
  integrity sha512-nTnJ528pbqxYanhpDYsi4Rd8MAeaBA67+RZ10CM1m3bTAVFEDcd5AuA4a6W5YkGZ1iNXHzZz8T6TBKLeBuNriQ==

has-value@^0.3.1:
  version "0.3.1"
  resolved "https://registry.npmjs.org/has-value/-/has-value-0.3.1.tgz"
  integrity sha1-ex9YutpiyoJ+wKIHgCVlSEWZXh8=
  dependencies:
    get-value "^2.0.3"
    has-values "^0.1.4"
    isobject "^2.0.0"

has-value@^1.0.0:
  version "1.0.0"
  resolved "https://registry.npmjs.org/has-value/-/has-value-1.0.0.tgz"
  integrity sha1-GLKB2lhbHFxR3vJMkw7SmgvmsXc=
  dependencies:
    get-value "^2.0.6"
    has-values "^1.0.0"
    isobject "^3.0.0"

has-values@^0.1.4:
  version "0.1.4"
  resolved "https://registry.npmjs.org/has-values/-/has-values-0.1.4.tgz"
  integrity sha1-bWHeldkd/Km5oCCJrThL/49it3E=

has-values@^1.0.0:
  version "1.0.0"
  resolved "https://registry.npmjs.org/has-values/-/has-values-1.0.0.tgz"
  integrity sha1-lbC2P+whRmGab+V/51Yo1aOe/k8=
  dependencies:
    is-number "^3.0.0"
    kind-of "^4.0.0"

has@^1.0.3:
  version "1.0.3"
  resolved "https://registry.npmjs.org/has/-/has-1.0.3.tgz"
  integrity sha512-f2dvO0VU6Oej7RkWJGrehjbzMAjFp5/VKPp5tTpWIV4JHHZK1/BxbFRtf/siA2SWTe09caDmVtYYzWEIbBS4zw==
  dependencies:
    function-bind "^1.1.1"

inflight@^1.0.4:
  version "1.0.6"
  resolved "https://registry.npmjs.org/inflight/-/inflight-1.0.6.tgz"
  integrity sha1-Sb1jMdfQLQwJvJEKEHW6gWW1bfk=
  dependencies:
    once "^1.3.0"
    wrappy "1"

inherits@2, inherits@^2.0.1, inherits@~2.0.3:
  version "2.0.4"
  resolved "https://registry.npmjs.org/inherits/-/inherits-2.0.4.tgz"
  integrity sha512-k/vGaX4/Yla3WzyMCvTQOXYeIHvqOKtnqBduzTHpzpQZzAskKMhZ2K+EnBiSM9zGSoIFeMpXKxa4dYeZIQqewQ==

is-accessor-descriptor@^0.1.6:
  version "0.1.6"
  resolved "https://registry.npmjs.org/is-accessor-descriptor/-/is-accessor-descriptor-0.1.6.tgz"
  integrity sha1-qeEss66Nh2cn7u84Q/igiXtcmNY=
  dependencies:
    kind-of "^3.0.2"

is-accessor-descriptor@^1.0.0:
  version "1.0.0"
  resolved "https://registry.npmjs.org/is-accessor-descriptor/-/is-accessor-descriptor-1.0.0.tgz"
  integrity sha512-m5hnHTkcVsPfqx3AKlyttIPb7J+XykHvJP2B9bZDjlhLIoEq4XoK64Vg7boZlVWYK6LUY94dYPEE7Lh0ZkZKcQ==
  dependencies:
    kind-of "^6.0.0"

is-binary-path@^1.0.0:
  version "1.0.1"
  resolved "https://registry.npmjs.org/is-binary-path/-/is-binary-path-1.0.1.tgz"
  integrity sha1-dfFmQrSA8YenEcgUFh/TpKdlWJg=
  dependencies:
    binary-extensions "^1.0.0"

is-binary-path@~2.1.0:
  version "2.1.0"
  resolved "https://registry.npmjs.org/is-binary-path/-/is-binary-path-2.1.0.tgz"
  integrity sha512-ZMERYes6pDydyuGidse7OsHxtbI7WVeUEozgR/g7rd0xUimYNlvZRE/K2MgZTjWy725IfelLeVcEM97mmtRGXw==
  dependencies:
    binary-extensions "^2.0.0"

is-buffer@^1.1.5:
  version "1.1.6"
  resolved "https://registry.npmjs.org/is-buffer/-/is-buffer-1.1.6.tgz"
  integrity sha512-NcdALwpXkTm5Zvvbk7owOUSvVvBKDgKP5/ewfXEznmQFfs4ZRmanOeKBTjRVjka3QFoN6XJ+9F3USqfHqTaU5w==

is-core-module@^2.2.0:
  version "2.5.0"
  resolved "https://registry.npmjs.org/is-core-module/-/is-core-module-2.5.0.tgz"
  integrity sha512-TXCMSDsEHMEEZ6eCA8rwRDbLu55MRGmrctljsBX/2v1d9/GzqHOxW5c5oPSgrUt2vBFXebu9rGqckXGPWOlYpg==
  dependencies:
    has "^1.0.3"

is-data-descriptor@^0.1.4:
  version "0.1.4"
  resolved "https://registry.npmjs.org/is-data-descriptor/-/is-data-descriptor-0.1.4.tgz"
  integrity sha1-C17mSDiOLIYCgueT8YVv7D8wG1Y=
  dependencies:
    kind-of "^3.0.2"

is-data-descriptor@^1.0.0:
  version "1.0.0"
  resolved "https://registry.npmjs.org/is-data-descriptor/-/is-data-descriptor-1.0.0.tgz"
  integrity sha512-jbRXy1FmtAoCjQkVmIVYwuuqDFUbaOeDjmed1tOGPrsMhtJA4rD9tkgA0F1qJ3gRFRXcHYVkdeaP50Q5rE/jLQ==
  dependencies:
    kind-of "^6.0.0"

is-descriptor@^0.1.0:
  version "0.1.6"
  resolved "https://registry.npmjs.org/is-descriptor/-/is-descriptor-0.1.6.tgz"
  integrity sha512-avDYr0SB3DwO9zsMov0gKCESFYqCnE4hq/4z3TdUlukEy5t9C0YRq7HLrsN52NAcqXKaepeCD0n+B0arnVG3Hg==
  dependencies:
    is-accessor-descriptor "^0.1.6"
    is-data-descriptor "^0.1.4"
    kind-of "^5.0.0"

is-descriptor@^1.0.0, is-descriptor@^1.0.2:
  version "1.0.2"
  resolved "https://registry.npmjs.org/is-descriptor/-/is-descriptor-1.0.2.tgz"
  integrity sha512-2eis5WqQGV7peooDyLmNEPUrps9+SXX5c9pL3xEB+4e9HnGuDa7mB7kHxHw4CbqS9k1T2hOH3miL8n8WtiYVtg==
  dependencies:
    is-accessor-descriptor "^1.0.0"
    is-data-descriptor "^1.0.0"
    kind-of "^6.0.2"

is-dotfile@^1.0.0:
  version "1.0.3"
  resolved "https://registry.npmjs.org/is-dotfile/-/is-dotfile-1.0.3.tgz"
  integrity sha1-pqLzL/0t+wT1yiXs0Pa4PPeYoeE=

is-equal-shallow@^0.1.3:
  version "0.1.3"
  resolved "https://registry.npmjs.org/is-equal-shallow/-/is-equal-shallow-0.1.3.tgz"
  integrity sha1-IjgJj8Ih3gvPpdnqxMRdY4qhxTQ=
  dependencies:
    is-primitive "^2.0.0"

is-extendable@^0.1.0, is-extendable@^0.1.1:
  version "0.1.1"
  resolved "https://registry.npmjs.org/is-extendable/-/is-extendable-0.1.1.tgz"
  integrity sha1-YrEQ4omkcUGOPsNqYX1HLjAd/Ik=

is-extendable@^1.0.1:
  version "1.0.1"
  resolved "https://registry.npmjs.org/is-extendable/-/is-extendable-1.0.1.tgz"
  integrity sha512-arnXMxT1hhoKo9k1LZdmlNyJdDDfy2v0fXjFlmok4+i8ul/6WlbVge9bhM74OpNPQPMGUToDtz+KXa1PneJxOA==
  dependencies:
    is-plain-object "^2.0.4"

is-extglob@^1.0.0:
  version "1.0.0"
  resolved "https://registry.npmjs.org/is-extglob/-/is-extglob-1.0.0.tgz"
  integrity sha1-rEaBd8SUNAWgkvyPKXYMb/xiBsA=

is-extglob@^2.1.1:
  version "2.1.1"
  resolved "https://registry.npmjs.org/is-extglob/-/is-extglob-2.1.1.tgz"
  integrity sha1-qIwCU1eR8C7TfHahueqXc8gz+MI=

is-glob@^2.0.0, is-glob@^2.0.1:
  version "2.0.1"
  resolved "https://registry.npmjs.org/is-glob/-/is-glob-2.0.1.tgz"
  integrity sha1-0Jb5JqPe1WAPP9/ZEZjLCIjC2GM=
  dependencies:
    is-extglob "^1.0.0"

is-glob@^4.0.1, is-glob@~4.0.1:
  version "4.0.1"
  resolved "https://registry.npmjs.org/is-glob/-/is-glob-4.0.1.tgz"
  integrity sha512-5G0tKtBTFImOqDnLB2hG6Bp2qcKEFduo4tZu9MT/H6NQv/ghhy30o55ufafxJ/LdH79LLs2Kfrn85TLKyA7BUg==
  dependencies:
    is-extglob "^2.1.1"

is-number@^2.1.0:
  version "2.1.0"
  resolved "https://registry.npmjs.org/is-number/-/is-number-2.1.0.tgz"
  integrity sha1-Afy7s5NGOlSPL0ZszhbezknbkI8=
  dependencies:
    kind-of "^3.0.2"

is-number@^3.0.0:
  version "3.0.0"
  resolved "https://registry.npmjs.org/is-number/-/is-number-3.0.0.tgz"
  integrity sha1-JP1iAaR4LPUFYcgQJ2r8fRLXEZU=
  dependencies:
    kind-of "^3.0.2"

is-number@^4.0.0:
  version "4.0.0"
  resolved "https://registry.npmjs.org/is-number/-/is-number-4.0.0.tgz"
  integrity sha512-rSklcAIlf1OmFdyAqbnWTLVelsQ58uvZ66S/ZyawjWqIviTWCjg2PzVGw8WUA+nNuPTqb4wgA+NszrJ+08LlgQ==

is-number@^7.0.0:
  version "7.0.0"
  resolved "https://registry.npmjs.org/is-number/-/is-number-7.0.0.tgz"
  integrity sha512-41Cifkg6e8TylSpdtTpeLVMqvSBEVzTttHvERD741+pnZ8ANv0004MRL43QKPDlK9cGvNp6NZWZUBlbGXYxxng==

is-plain-object@^2.0.3, is-plain-object@^2.0.4:
  version "2.0.4"
  resolved "https://registry.npmjs.org/is-plain-object/-/is-plain-object-2.0.4.tgz"
  integrity sha512-h5PpgXkWitc38BBMYawTYMWJHFZJVnBquFE57xFpjB8pJFiF6gZ+bU+WyI/yqXiFR5mdLsgYNaPe8uao6Uv9Og==
  dependencies:
    isobject "^3.0.1"

is-posix-bracket@^0.1.0:
  version "0.1.1"
  resolved "https://registry.npmjs.org/is-posix-bracket/-/is-posix-bracket-0.1.1.tgz"
  integrity sha1-MzTceXdDaOkvAW5vvAqI9c1ua8Q=

is-primitive@^2.0.0:
  version "2.0.0"
  resolved "https://registry.npmjs.org/is-primitive/-/is-primitive-2.0.0.tgz"
  integrity sha1-IHurkWOEmcB7Kt8kCkGochADRXU=

is-windows@^1.0.2:
  version "1.0.2"
  resolved "https://registry.npmjs.org/is-windows/-/is-windows-1.0.2.tgz"
  integrity sha512-eXK1UInq2bPmjyX6e3VHIzMLobc4J94i4AWn+Hpq3OU5KkrRC96OAcR3PRJ/pGu6m8TRnBHP9dkXQVsT/COVIA==

isarray@1.0.0, isarray@~1.0.0:
  version "1.0.0"
  resolved "https://registry.npmjs.org/isarray/-/isarray-1.0.0.tgz"
  integrity sha1-u5NdSFgsuhaMBoNJV6VKPgcSTxE=

isobject@^2.0.0:
  version "2.1.0"
  resolved "https://registry.npmjs.org/isobject/-/isobject-2.1.0.tgz"
  integrity sha1-8GVWEJaj8dou9GJy+BXIQNh+DIk=
  dependencies:
    isarray "1.0.0"

isobject@^3.0.0, isobject@^3.0.1:
  version "3.0.1"
  resolved "https://registry.npmjs.org/isobject/-/isobject-3.0.1.tgz"
  integrity sha1-TkMekrEalzFjaqH5yNHMvP2reN8=

kind-of@^3.0.2, kind-of@^3.0.3, kind-of@^3.2.0:
  version "3.2.2"
  resolved "https://registry.npmjs.org/kind-of/-/kind-of-3.2.2.tgz"
  integrity sha1-MeohpzS6ubuw8yRm2JOupR5KPGQ=
  dependencies:
    is-buffer "^1.1.5"

kind-of@^4.0.0:
  version "4.0.0"
  resolved "https://registry.npmjs.org/kind-of/-/kind-of-4.0.0.tgz"
  integrity sha1-IIE989cSkosgc3hpGkUGb65y3Vc=
  dependencies:
    is-buffer "^1.1.5"

kind-of@^5.0.0:
  version "5.1.0"
  resolved "https://registry.npmjs.org/kind-of/-/kind-of-5.1.0.tgz"
  integrity sha512-NGEErnH6F2vUuXDh+OlbcKW7/wOcfdRHaZ7VWtqCztfHri/++YKmP51OdWeGPuqCOba6kk2OTe5d02VmTB80Pw==

kind-of@^6.0.0, kind-of@^6.0.2:
  version "6.0.3"
  resolved "https://registry.npmjs.org/kind-of/-/kind-of-6.0.3.tgz"
  integrity sha512-dcS1ul+9tmeD95T+x28/ehLgd9mENa3LsvDTtzm3vyBEO7RPptvAD+t44WVXaUjTBRcrpFeFlC8WCruUR456hw==

map-cache@^0.2.2:
  version "0.2.2"
  resolved "https://registry.npmjs.org/map-cache/-/map-cache-0.2.2.tgz"
  integrity sha1-wyq9C9ZSXZsFFkW7TyasXcmKDb8=

map-visit@^1.0.0:
  version "1.0.0"
  resolved "https://registry.npmjs.org/map-visit/-/map-visit-1.0.0.tgz"
  integrity sha1-7Nyo8TFE5mDxtb1B8S80edmN+48=
  dependencies:
    object-visit "^1.0.0"

math-random@^1.0.1:
  version "1.0.4"
  resolved "https://registry.npmjs.org/math-random/-/math-random-1.0.4.tgz"
  integrity sha512-rUxjysqif/BZQH2yhd5Aaq7vXMSx9NdEsQcyA07uEzIvxgI7zIr33gGsh+RU0/XjmQpCW7RsVof1vlkvQVCK5A==

micromatch@^2.1.5:
  version "2.3.11"
  resolved "https://registry.npmjs.org/micromatch/-/micromatch-2.3.11.tgz"
  integrity sha1-hmd8l9FyCzY0MdBNDRUpO9OMFWU=
  dependencies:
    arr-diff "^2.0.0"
    array-unique "^0.2.1"
    braces "^1.8.2"
    expand-brackets "^0.1.4"
    extglob "^0.3.1"
    filename-regex "^2.0.0"
    is-extglob "^1.0.0"
    is-glob "^2.0.1"
    kind-of "^3.0.2"
    normalize-path "^2.0.1"
    object.omit "^2.0.0"
    parse-glob "^3.0.4"
    regex-cache "^0.4.2"

micromatch@^3.1.10:
  version "3.1.10"
  resolved "https://registry.npmjs.org/micromatch/-/micromatch-3.1.10.tgz"
  integrity sha512-MWikgl9n9M3w+bpsY3He8L+w9eF9338xRl8IAO5viDizwSzziFEyUzo2xrrloB64ADbTf8uA8vRqqttDTOmccg==
  dependencies:
    arr-diff "^4.0.0"
    array-unique "^0.3.2"
    braces "^2.3.1"
    define-property "^2.0.2"
    extend-shallow "^3.0.2"
    extglob "^2.0.4"
    fragment-cache "^0.2.1"
    kind-of "^6.0.2"
    nanomatch "^1.2.9"
    object.pick "^1.3.0"
    regex-not "^1.0.0"
    snapdragon "^0.8.1"
    to-regex "^3.0.2"

minimatch@^3.0.2, minimatch@^3.0.4:
  version "3.0.4"
  resolved "https://registry.npmjs.org/minimatch/-/minimatch-3.0.4.tgz"
  integrity sha512-yJHVQEhyqPLUTgt9B83PXu6W3rx4MvvHvSUvToogpwoGDOUQ+yDrR0HRot+yOCdCO7u4hX3pWft6kWBBcqh0UA==
  dependencies:
    brace-expansion "^1.1.7"

minimist@^1.1.0, minimist@^1.2.5:
  version "1.2.5"
  resolved "https://registry.npmjs.org/minimist/-/minimist-1.2.5.tgz"
  integrity sha512-FM9nNUYrRBAELZQT3xeZQ7fmMOBg6nWNmJKTcgsJeaLstP/UODVpGsr5OhXhhXg6f+qtJ8uiZ+PUxkDWcgIXLw==

mixin-deep@^1.2.0:
  version "1.3.2"
  resolved "https://registry.npmjs.org/mixin-deep/-/mixin-deep-1.3.2.tgz"
  integrity sha512-WRoDn//mXBiJ1H40rqa3vH0toePwSsGb45iInWlTySa+Uu4k3tYUSxa2v1KqAiLtvlrSzaExqS1gtk96A9zvEA==
  dependencies:
    for-in "^1.0.2"
    is-extendable "^1.0.1"

mkdirp@^0.5.1:
  version "0.5.5"
  resolved "https://registry.npmjs.org/mkdirp/-/mkdirp-0.5.5.tgz"
  integrity sha512-NKmAlESf6jMGym1++R0Ra7wvhV+wFW63FaSOFPwRahvea0gMUcGUhVeAg/0BC0wiv9ih5NYPB1Wn1UEI1/L+xQ==
  dependencies:
    minimist "^1.2.5"

ms@2.0.0:
  version "2.0.0"
  resolved "https://registry.npmjs.org/ms/-/ms-2.0.0.tgz"
  integrity sha1-VgiurfwAvmwpAd9fmGF4jeDVl8g=

nan@^2.12.1:
  version "2.15.0"
  resolved "https://registry.yarnpkg.com/nan/-/nan-2.15.0.tgz#3f34a473ff18e15c1b5626b62903b5ad6e665fee"
  integrity sha512-8ZtvEnA2c5aYCZYd1cvgdnU6cqwixRoYg70xPLWUws5ORTa/lnw+u4amixRS/Ac5U5mQVgp9pnlSUnbNWFaWZQ==

nanomatch@^1.2.9:
  version "1.2.13"
  resolved "https://registry.npmjs.org/nanomatch/-/nanomatch-1.2.13.tgz"
  integrity sha512-fpoe2T0RbHwBTBUOftAfBPaDEi06ufaUai0mE6Yn1kacc3SnTErfb/h+X94VXzI64rKFHYImXSvdwGGCmwOqCA==
  dependencies:
    arr-diff "^4.0.0"
    array-unique "^0.3.2"
    define-property "^2.0.2"
    extend-shallow "^3.0.2"
    fragment-cache "^0.2.1"
    is-windows "^1.0.2"
    kind-of "^6.0.2"
    object.pick "^1.3.0"
    regex-not "^1.0.0"
    snapdragon "^0.8.1"
    to-regex "^3.0.1"

normalize-path@^2.0.0, normalize-path@^2.0.1:
  version "2.1.1"
  resolved "https://registry.npmjs.org/normalize-path/-/normalize-path-2.1.1.tgz"
  integrity sha1-GrKLVW4Zg2Oowab35vogE3/mrtk=
  dependencies:
    remove-trailing-separator "^1.0.1"

normalize-path@^3.0.0, normalize-path@~3.0.0:
  version "3.0.0"
  resolved "https://registry.npmjs.org/normalize-path/-/normalize-path-3.0.0.tgz"
  integrity sha512-6eZs5Ls3WtCisHWp9S2GUy8dqkpGi4BVSz3GaqiE6ezub0512ESztXUwUB6C6IKbQkY2Pnb/mD4WYojCRwcwLA==

object-copy@^0.1.0:
  version "0.1.0"
  resolved "https://registry.npmjs.org/object-copy/-/object-copy-0.1.0.tgz"
  integrity sha1-fn2Fi3gb18mRpBupde04EnVOmYw=
  dependencies:
    copy-descriptor "^0.1.0"
    define-property "^0.2.5"
    kind-of "^3.0.3"

object-visit@^1.0.0:
  version "1.0.1"
  resolved "https://registry.npmjs.org/object-visit/-/object-visit-1.0.1.tgz"
  integrity sha1-95xEk68MU3e1n+OdOV5BBC3QRbs=
  dependencies:
    isobject "^3.0.0"

object.omit@^2.0.0:
  version "2.0.1"
  resolved "https://registry.npmjs.org/object.omit/-/object.omit-2.0.1.tgz"
  integrity sha1-Gpx0SCnznbuFjHbKNXmuKlTr0fo=
  dependencies:
    for-own "^0.1.4"
    is-extendable "^0.1.1"

object.pick@^1.3.0:
  version "1.3.0"
  resolved "https://registry.npmjs.org/object.pick/-/object.pick-1.3.0.tgz"
  integrity sha1-h6EKxMFpS9Lhy/U1kaZhQftd10c=
  dependencies:
    isobject "^3.0.1"

once@^1.3.0:
  version "1.4.0"
  resolved "https://registry.npmjs.org/once/-/once-1.4.0.tgz"
  integrity sha1-WDsap3WWHUsROsF9nFC6753Xa9E=
  dependencies:
    wrappy "1"

pako@^2.0.3:
  version "2.0.4"
  resolved "https://registry.npmjs.org/pako/-/pako-2.0.4.tgz"
  integrity sha512-v8tweI900AUkZN6heMU/4Uy4cXRc2AYNRggVmTR+dEncawDJgCdLMximOVA2p4qO57WMynangsfGRb5WD6L1Bg==

parse-glob@^3.0.4:
  version "3.0.4"
  resolved "https://registry.npmjs.org/parse-glob/-/parse-glob-3.0.4.tgz"
  integrity sha1-ssN2z7EfNVE7rdFz7wu246OIORw=
  dependencies:
    glob-base "^0.3.0"
    is-dotfile "^1.0.0"
    is-extglob "^1.0.0"
    is-glob "^2.0.0"

pascalcase@^0.1.1:
  version "0.1.1"
  resolved "https://registry.npmjs.org/pascalcase/-/pascalcase-0.1.1.tgz"
  integrity sha1-s2PlXoAGym/iF4TS2yK9FdeRfxQ=

path-is-absolute@^1.0.0:
  version "1.0.1"
  resolved "https://registry.npmjs.org/path-is-absolute/-/path-is-absolute-1.0.1.tgz"
  integrity sha1-F0uSaHNVNP+8es5r9TpanhtcX18=

path-parse@^1.0.6:
  version "1.0.7"
  resolved "https://registry.npmjs.org/path-parse/-/path-parse-1.0.7.tgz"
  integrity sha512-LDJzPVEEEPR+y48z93A0Ed0yXb8pAByGWo/k5YYdYgpY2/2EsOsksJrq7lOHxryrVOn1ejG6oAp8ahvOIQD8sw==

"phoenix@file:../deps/phoenix":
  version "1.6.0"

"phoenix_html@file:../deps/phoenix_html":
  version "3.0.4"

"phoenix_live_view@file:../deps/phoenix_live_view":
  version "0.16.4"

picomatch@^2.0.4, picomatch@^2.2.1, picomatch@^2.3.0:
  version "2.3.0"
  resolved "https://registry.npmjs.org/picomatch/-/picomatch-2.3.0.tgz"
  integrity sha512-lY1Q/PiJGC2zOv/z391WOTD+Z02bCgsFfvxoXXf6h7kv9o+WmsmzYqrAwY63sNgOxE4xEdq0WyUnXfKeBrSvYw==

posix-character-classes@^0.1.0:
  version "0.1.1"
  resolved "https://registry.npmjs.org/posix-character-classes/-/posix-character-classes-0.1.1.tgz"
  integrity sha1-AerA/jta9xoqbAL+q7jB/vfgDqs=

preserve@^0.2.0:
  version "0.2.0"
  resolved "https://registry.npmjs.org/preserve/-/preserve-0.2.0.tgz"
  integrity sha1-gV7R9uvGWSb4ZbMQwHE7yzMVzks=

process-nextick-args@~2.0.0:
  version "2.0.1"
  resolved "https://registry.npmjs.org/process-nextick-args/-/process-nextick-args-2.0.1.tgz"
  integrity sha512-3ouUOpQhtgrbOa17J7+uxOTpITYWaGP7/AhoR3+A+/1e9skrzelGi/dXzEYyvbxubEF6Wn2ypscTKiKJFFn1ag==

randomatic@^3.0.0:
  version "3.1.1"
  resolved "https://registry.npmjs.org/randomatic/-/randomatic-3.1.1.tgz"
  integrity sha512-TuDE5KxZ0J461RVjrJZCJc+J+zCkTb1MbH9AQUq68sMhOMcy9jLcb3BrZKgp9q9Ncltdg4QVqWrH02W2EFFVYw==
  dependencies:
    is-number "^4.0.0"
    kind-of "^6.0.0"
    math-random "^1.0.1"

readable-stream@^2.0.2:
  version "2.3.7"
  resolved "https://registry.npmjs.org/readable-stream/-/readable-stream-2.3.7.tgz"
  integrity sha512-Ebho8K4jIbHAxnuxi7o42OrZgF/ZTNcsZj6nRKyUmkhLFq8CHItp/fy6hQZuZmP/n3yZ9VBUbp4zz/mX8hmYPw==
  dependencies:
    core-util-is "~1.0.0"
    inherits "~2.0.3"
    isarray "~1.0.0"
    process-nextick-args "~2.0.0"
    safe-buffer "~5.1.1"
    string_decoder "~1.1.1"
    util-deprecate "~1.0.1"

readdirp@^2.0.0:
  version "2.2.1"
  resolved "https://registry.npmjs.org/readdirp/-/readdirp-2.2.1.tgz"
  integrity sha512-1JU/8q+VgFZyxwrJ+SVIOsh+KywWGpds3NTqikiKpDMZWScmAYyKIgqkO+ARvNWJfXeXR1zxz7aHF4u4CyH6vQ==
  dependencies:
    graceful-fs "^4.1.11"
    micromatch "^3.1.10"
    readable-stream "^2.0.2"

readdirp@~3.6.0:
  version "3.6.0"
  resolved "https://registry.npmjs.org/readdirp/-/readdirp-3.6.0.tgz"
  integrity sha512-hOS089on8RduqdbhvQ5Z37A0ESjsqz6qnRcffsMU3495FuTdqSm+7bhJ29JvIOsBDEEnan5DPu9t3To9VRlMzA==
  dependencies:
    picomatch "^2.2.1"

regenerator-runtime@^0.11.0:
  version "0.11.1"
  resolved "https://registry.npmjs.org/regenerator-runtime/-/regenerator-runtime-0.11.1.tgz"
  integrity sha512-MguG95oij0fC3QV3URf4V2SDYGJhJnJGqvIIgdECeODCT98wSWDAJ94SSuVpYQUoTcGUIL6L4yNB7j1DFFHSBg==

regex-cache@^0.4.2:
  version "0.4.4"
  resolved "https://registry.npmjs.org/regex-cache/-/regex-cache-0.4.4.tgz"
  integrity sha512-nVIZwtCjkC9YgvWkpM55B5rBhBYRZhAaJbgcFYXXsHnbZ9UZI9nnVWYZpBlCqv9ho2eZryPnWrZGsOdPwVWXWQ==
  dependencies:
    is-equal-shallow "^0.1.3"

regex-not@^1.0.0, regex-not@^1.0.2:
  version "1.0.2"
  resolved "https://registry.npmjs.org/regex-not/-/regex-not-1.0.2.tgz"
  integrity sha512-J6SDjUgDxQj5NusnOtdFxDwN/+HWykR8GELwctJ7mdqhcyy1xEc4SRFHUXvxTp661YaVKAjfRLZ9cCqS6tn32A==
  dependencies:
    extend-shallow "^3.0.2"
    safe-regex "^1.1.0"

remove-trailing-separator@^1.0.1:
  version "1.1.0"
  resolved "https://registry.npmjs.org/remove-trailing-separator/-/remove-trailing-separator-1.1.0.tgz"
  integrity sha1-wkvOKig62tW8P1jg1IJJuSN52O8=

repeat-element@^1.1.2:
  version "1.1.4"
  resolved "https://registry.npmjs.org/repeat-element/-/repeat-element-1.1.4.tgz"
  integrity sha512-LFiNfRcSu7KK3evMyYOuCzv3L10TW7yC1G2/+StMjK8Y6Vqd2MG7r/Qjw4ghtuCOjFvlnms/iMmLqpvW/ES/WQ==

repeat-string@^1.5.2, repeat-string@^1.6.1:
  version "1.6.1"
  resolved "https://registry.npmjs.org/repeat-string/-/repeat-string-1.6.1.tgz"
  integrity sha1-jcrkcOHIirwtYA//Sndihtp15jc=

resolve-url@^0.2.1:
  version "0.2.1"
  resolved "https://registry.npmjs.org/resolve-url/-/resolve-url-0.2.1.tgz"
  integrity sha1-LGN/53yJOv0qZj/iGqkIAGjiBSo=

resolve@^1.1.7, resolve@^1.20.0:
  version "1.20.0"
  resolved "https://registry.npmjs.org/resolve/-/resolve-1.20.0.tgz"
  integrity sha512-wENBPt4ySzg4ybFQW2TT1zMQucPK95HSh/nq2CFTZVOGut2+pQvSsgtda4d26YrYcr067wjbmzOG8byDPBX63A==
  dependencies:
    is-core-module "^2.2.0"
    path-parse "^1.0.6"

ret@~0.1.10:
  version "0.1.15"
  resolved "https://registry.npmjs.org/ret/-/ret-0.1.15.tgz"
  integrity sha512-TTlYpa+OL+vMMNG24xSlQGEJ3B/RzEfUlLct7b5G/ytav+wPrplCpVMFuwzXbkecJrb6IYo1iFb0S9v37754mg==

safe-buffer@^5.0.1:
  version "5.2.1"
  resolved "https://registry.npmjs.org/safe-buffer/-/safe-buffer-5.2.1.tgz"
  integrity sha512-rp3So07KcdmmKbGvgaNxQSJr7bGVSVk5S9Eq1F+ppbRo70+YeaDxkw5Dd8NPN+GD6bjnYm2VuPuCXmpuYvmCXQ==

safe-buffer@~5.1.0, safe-buffer@~5.1.1:
  version "5.1.2"
  resolved "https://registry.npmjs.org/safe-buffer/-/safe-buffer-5.1.2.tgz"
  integrity sha512-Gd2UZBJDkXlY7GbJxfsE8/nvKkUEU1G38c1siN6QP6a9PT9MmHB8GnpscSmMJSoF8LOIrt8ud/wPtojys4G6+g==

safe-regex@^1.1.0:
  version "1.1.0"
  resolved "https://registry.npmjs.org/safe-regex/-/safe-regex-1.1.0.tgz"
  integrity sha1-QKNmnzsHfR6UPURinhV91IAjvy4=
  dependencies:
    ret "~0.1.10"

sass@^1.35.1:
  version "1.37.5"
  resolved "https://registry.npmjs.org/sass/-/sass-1.37.5.tgz"
  integrity sha512-Cx3ewxz9QB/ErnVIiWg2cH0kiYZ0FPvheDTVC6BsiEGBTZKKZJ1Gq5Kq6jy3PKtL6+EJ8NIoaBW/RSd2R6cZOA==
  dependencies:
    chokidar ">=3.0.0 <4.0.0"

set-value@^2.0.0, set-value@^2.0.1:
  version "2.0.1"
  resolved "https://registry.npmjs.org/set-value/-/set-value-2.0.1.tgz"
  integrity sha512-JxHc1weCN68wRY0fhCoXpyK55m/XPHafOmK4UWD7m2CI14GMcFypt4w/0+NV5f/ZMby2F6S2wwA7fgynh9gWSw==
  dependencies:
    extend-shallow "^2.0.1"
    is-extendable "^0.1.1"
    is-plain-object "^2.0.3"
    split-string "^3.0.1"

shell-quote@^1.6.1:
  version "1.7.2"
  resolved "https://registry.npmjs.org/shell-quote/-/shell-quote-1.7.2.tgz"
  integrity sha512-mRz/m/JVscCrkMyPqHc/bczi3OQHkLTqXHEFu0zDhK/qfv3UcOA4SVmRCLmos4bhjr9ekVQubj/R7waKapmiQg==

snapdragon-node@^2.0.1:
  version "2.1.1"
  resolved "https://registry.npmjs.org/snapdragon-node/-/snapdragon-node-2.1.1.tgz"
  integrity sha512-O27l4xaMYt/RSQ5TR3vpWCAB5Kb/czIcqUFOM/C4fYcLnbZUc1PkjTAMjof2pBWaSTwOUd6qUHcFGVGj7aIwnw==
  dependencies:
    define-property "^1.0.0"
    isobject "^3.0.0"
    snapdragon-util "^3.0.1"

snapdragon-util@^3.0.1:
  version "3.0.1"
  resolved "https://registry.npmjs.org/snapdragon-util/-/snapdragon-util-3.0.1.tgz"
  integrity sha512-mbKkMdQKsjX4BAL4bRYTj21edOf8cN7XHdYUJEe+Zn99hVEYcMvKPct1IqNe7+AZPirn8BCDOQBHQZknqmKlZQ==
  dependencies:
    kind-of "^3.2.0"

snapdragon@^0.8.1:
  version "0.8.2"
  resolved "https://registry.npmjs.org/snapdragon/-/snapdragon-0.8.2.tgz"
  integrity sha512-FtyOnWN/wCHTVXOMwvSv26d+ko5vWlIDD6zoUJ7LW8vh+ZBC8QdljveRP+crNrtBwioEUWy/4dMtbBjA4ioNlg==
  dependencies:
    base "^0.11.1"
    debug "^2.2.0"
    define-property "^0.2.5"
    extend-shallow "^2.0.1"
    map-cache "^0.2.2"
    source-map "^0.5.6"
    source-map-resolve "^0.5.0"
    use "^3.1.0"

source-map-resolve@^0.5.0:
  version "0.5.3"
  resolved "https://registry.npmjs.org/source-map-resolve/-/source-map-resolve-0.5.3.tgz"
  integrity sha512-Htz+RnsXWk5+P2slx5Jh3Q66vhQj1Cllm0zvnaY98+NFx+Dv2CF/f5O/t8x+KaNdrdIAsruNzoh/KpialbqAnw==
  dependencies:
    atob "^2.1.2"
    decode-uri-component "^0.2.0"
    resolve-url "^0.2.1"
    source-map-url "^0.4.0"
    urix "^0.1.0"

source-map-url@^0.4.0:
  version "0.4.1"
  resolved "https://registry.npmjs.org/source-map-url/-/source-map-url-0.4.1.tgz"
  integrity sha512-cPiFOTLUKvJFIg4SKVScy4ilPPW6rFgMgfuZJPNoDuMs3nC1HbMUycBoJw77xFIp6z1UJQJOfx6C9GMH80DiTw==

source-map@^0.5.6:
  version "0.5.7"
  resolved "https://registry.npmjs.org/source-map/-/source-map-0.5.7.tgz"
  integrity sha1-igOdLRAh0i0eoUyA2OpGi6LvP8w=

split-string@^3.0.1, split-string@^3.0.2:
  version "3.1.0"
  resolved "https://registry.npmjs.org/split-string/-/split-string-3.1.0.tgz"
  integrity sha512-NzNVhJDYpwceVVii8/Hu6DKfD2G+NrQHlS/V/qgv763EYudVwEcMQNxd2lh+0VrUByXN/oJkl5grOhYWvQUYiw==
  dependencies:
    extend-shallow "^3.0.0"

static-extend@^0.1.1:
  version "0.1.2"
  resolved "https://registry.npmjs.org/static-extend/-/static-extend-0.1.2.tgz"
  integrity sha1-YICcOcv/VTNyJv1eC1IPNB8ftcY=
  dependencies:
    define-property "^0.2.5"
    object-copy "^0.1.0"

string_decoder@~1.1.1:
  version "1.1.1"
  resolved "https://registry.npmjs.org/string_decoder/-/string_decoder-1.1.1.tgz"
  integrity sha512-n/ShnvDi6FHbbVfviro+WojiFzv+s8MPMHBczVePfUpDJLwoLT0ht1l4YwBCbi8pJAveEEdnkHyPyTP/mzRfwg==
  dependencies:
    safe-buffer "~5.1.0"

subarg@^1.0.0:
  version "1.0.0"
  resolved "https://registry.npmjs.org/subarg/-/subarg-1.0.0.tgz"
  integrity sha1-9izxdYHplrSPyWVpn1TAauJouNI=
  dependencies:
    minimist "^1.1.0"

to-object-path@^0.3.0:
  version "0.3.0"
  resolved "https://registry.npmjs.org/to-object-path/-/to-object-path-0.3.0.tgz"
  integrity sha1-KXWIt7Dn4KwI4E5nL4XB9JmeF68=
  dependencies:
    kind-of "^3.0.2"

to-regex-range@^2.1.0:
  version "2.1.1"
  resolved "https://registry.npmjs.org/to-regex-range/-/to-regex-range-2.1.1.tgz"
  integrity sha1-fIDBe53+vlmeJzZ+DU3VWQFB2zg=
  dependencies:
    is-number "^3.0.0"
    repeat-string "^1.6.1"

to-regex-range@^5.0.1:
  version "5.0.1"
  resolved "https://registry.npmjs.org/to-regex-range/-/to-regex-range-5.0.1.tgz"
  integrity sha512-65P7iz6X5yEr1cwcgvQxbbIw7Uk3gOy5dIdtZ4rDveLqhrdJP+Li/Hx6tyK0NEb+2GCyneCMJiGqrADCSNk8sQ==
  dependencies:
    is-number "^7.0.0"

to-regex@^3.0.1, to-regex@^3.0.2:
  version "3.0.2"
  resolved "https://registry.npmjs.org/to-regex/-/to-regex-3.0.2.tgz"
  integrity sha512-FWtleNAtZ/Ki2qtqej2CXTOayOH9bHDQF+Q48VpWyDXjbYxA4Yz8iDB31zXOBUlOHHKidDbqGVrTUvQMPmBGBw==
  dependencies:
    define-property "^2.0.2"
    extend-shallow "^3.0.2"
    regex-not "^1.0.2"
    safe-regex "^1.1.0"

topbar@^1.0.0:
  version "1.0.1"
  resolved "https://registry.npmjs.org/topbar/-/topbar-1.0.1.tgz"
  integrity sha512-HZqQSMBiG29vcjOrqKCM9iGY/h69G5gQH7ae83ZCPz5uPmbQKwK0sMEqzVDBiu64tWHJ+kk9NApECrF+FAAvRA==

union-value@^1.0.0:
  version "1.0.1"
  resolved "https://registry.npmjs.org/union-value/-/union-value-1.0.1.tgz"
  integrity sha512-tJfXmxMeWYnczCVs7XAEvIV7ieppALdyepWMkHkwciRpZraG/xwT+s2JN8+pr1+8jCRf80FFzvr+MpQeeoF4Xg==
  dependencies:
    arr-union "^3.1.0"
    get-value "^2.0.6"
    is-extendable "^0.1.1"
    set-value "^2.0.1"

unset-value@^1.0.0:
  version "1.0.0"
  resolved "https://registry.npmjs.org/unset-value/-/unset-value-1.0.0.tgz"
  integrity sha1-g3aHP30jNRef+x5vw6jtDfyKtVk=
  dependencies:
    has-value "^0.3.1"
    isobject "^3.0.0"

urix@^0.1.0:
  version "0.1.0"
  resolved "https://registry.npmjs.org/urix/-/urix-0.1.0.tgz"
  integrity sha1-2pN/emLiH+wf0Y1Js1wpNQZ6bHI=

use@^3.1.0:
  version "3.1.1"
  resolved "https://registry.npmjs.org/use/-/use-3.1.1.tgz"
  integrity sha512-cwESVXlO3url9YWlFW/TA9cshCEhtu7IKJ/p5soJ/gGpj7vbvFrAY/eIioQ6Dw23KjZhYgiIo8HOs1nQ2vr/oQ==

util-deprecate@~1.0.1:
  version "1.0.2"
  resolved "https://registry.npmjs.org/util-deprecate/-/util-deprecate-1.0.2.tgz"
  integrity sha1-RQ1Nyfpw3nMnYvvS1KKJgUGaDM8=

wrappy@1:
  version "1.0.2"
  resolved "https://registry.npmjs.org/wrappy/-/wrappy-1.0.2.tgz"
  integrity sha1-tSQ9jz7BqjXxNkYFvA0QNuMKtp8=
